
Microsoft Visual Studio Solution File, Format Version 12.00
# Visual Studio Version 17
VisualStudioVersion = 17.6.33815.320
MinimumVisualStudioVersion = 10.0.40219.1
Project("{FAE04EC0-301F-11D3-BF4B-00C04F79EFBC}") = "AzureOpenAIChat", "AzureOpenAIChat.csproj", "{2A23206C-4F1C-474F-B74B-C86567B4AFE5}"
EndProject
Global
	GlobalSection(SolutionConfigurationPlatforms) = preSolution
		Debug|Any CPU = Debug|Any CPU
		Release|Any CPU = Release|Any CPU
	EndGlobalSection
	GlobalSection(ProjectConfigurationPlatforms) = postSolution
		{2A23206C-4F1C-474F-B74B-C86567B4AFE5}.Debug|Any CPU.ActiveCfg = Debug|Any CPU
		{2A23206C-4F1C-474F-B74B-C86567B4AFE5}.Debug|Any CPU.Build.0 = Debug|Any CPU
		{2A23206C-4F1C-474F-B74B-C86567B4AFE5}.Release|Any CPU.ActiveCfg = Release|Any CPU
		{2A23206C-4F1C-474F-B74B-C86567B4AFE5}.Release|Any CPU.Build.0 = Release|Any CPU
	EndGlobalSection
	GlobalSection(SolutionProperties) = preSolution
		HideSolutionNode = FALSE
	EndGlobalSection
	GlobalSection(ExtensibilityGlobals) = postSolution
		SolutionGuid = {5D438117-01D7-4FBB-A312-4D3B2E563DE3}
	EndGlobalSection
EndGlobal
